// !$*UTF8*$!
{
	archiveVersion = 1;
	classes = {
	};
	objectVersion = 56;
	objects = {

/* Begin PBXBuildFile section */
		BB05FA8F289C5EC900E97036 /* SignInView.swift in Sources */ = {isa = PBXBuildFile; fileRef = BB05FA8E289C5EC900E97036 /* SignInView.swift */; };
		BB16DB96289C929A0080E5A3 /* ClientsListView.swift in Sources */ = {isa = PBXBuildFile; fileRef = BB16DB95289C929A0080E5A3 /* ClientsListView.swift */; };
		BB16DB9A289C9D850080E5A3 /* NewClientView.swift in Sources */ = {isa = PBXBuildFile; fileRef = BB16DB99289C9D850080E5A3 /* NewClientView.swift */; };
		BB16DB9C289CA5410080E5A3 /* ClientModel.swift in Sources */ = {isa = PBXBuildFile; fileRef = BB16DB9B289CA5410080E5A3 /* ClientModel.swift */; };
		BB16DB9E289CB2D10080E5A3 /* NewClientViewModel.swift in Sources */ = {isa = PBXBuildFile; fileRef = BB16DB9D289CB2D10080E5A3 /* NewClientViewModel.swift */; };
		BB54BBD8289C47CC006E82C7 /* MOBI_Trader_AdminApp.swift in Sources */ = {isa = PBXBuildFile; fileRef = BB54BBD7289C47CC006E82C7 /* MOBI_Trader_AdminApp.swift */; };
		BB54BBDA289C47CC006E82C7 /* ContentView.swift in Sources */ = {isa = PBXBuildFile; fileRef = BB54BBD9289C47CC006E82C7 /* ContentView.swift */; };
		BB54BBDC289C47CE006E82C7 /* Assets.xcassets in Resources */ = {isa = PBXBuildFile; fileRef = BB54BBDB289C47CE006E82C7 /* Assets.xcassets */; };
		BB54BBE0289C47CE006E82C7 /* Preview Assets.xcassets in Resources */ = {isa = PBXBuildFile; fileRef = BB54BBDF289C47CE006E82C7 /* Preview Assets.xcassets */; };
		BB54BC15289C5158006E82C7 /* AuthViewModel.swift in Sources */ = {isa = PBXBuildFile; fileRef = BB54BC14289C5158006E82C7 /* AuthViewModel.swift */; };
		BB54BC18289C5315006E82C7 /* FirebaseAnalytics in Frameworks */ = {isa = PBXBuildFile; productRef = BB54BC17289C5315006E82C7 /* FirebaseAnalytics */; };
		BB54BC1A289C5315006E82C7 /* FirebaseAnalyticsSwift in Frameworks */ = {isa = PBXBuildFile; productRef = BB54BC19289C5315006E82C7 /* FirebaseAnalyticsSwift */; };
		BB54BC1C289C5315006E82C7 /* FirebaseAnalyticsWithoutAdIdSupport in Frameworks */ = {isa = PBXBuildFile; productRef = BB54BC1B289C5315006E82C7 /* FirebaseAnalyticsWithoutAdIdSupport */; };
		BB54BC1E289C5315006E82C7 /* FirebaseAppCheck in Frameworks */ = {isa = PBXBuildFile; productRef = BB54BC1D289C5315006E82C7 /* FirebaseAppCheck */; };
		BB54BC20289C5315006E82C7 /* FirebaseAuth in Frameworks */ = {isa = PBXBuildFile; productRef = BB54BC1F289C5315006E82C7 /* FirebaseAuth */; };
		BB54BC22289C5315006E82C7 /* FirebaseAuthCombine-Community in Frameworks */ = {isa = PBXBuildFile; productRef = BB54BC21289C5315006E82C7 /* FirebaseAuthCombine-Community */; };
		BB54BC24289C5315006E82C7 /* FirebaseFirestore in Frameworks */ = {isa = PBXBuildFile; productRef = BB54BC23289C5315006E82C7 /* FirebaseFirestore */; };
		BB54BC26289C5315006E82C7 /* FirebaseFirestoreCombine-Community in Frameworks */ = {isa = PBXBuildFile; productRef = BB54BC25289C5315006E82C7 /* FirebaseFirestoreCombine-Community */; };
		BB54BC28289C5315006E82C7 /* FirebaseFirestoreSwift in Frameworks */ = {isa = PBXBuildFile; productRef = BB54BC27289C5315006E82C7 /* FirebaseFirestoreSwift */; };
		BB54BC2A289C5315006E82C7 /* FirebaseFunctions in Frameworks */ = {isa = PBXBuildFile; productRef = BB54BC29289C5315006E82C7 /* FirebaseFunctions */; };
		BB54BC2C289C5315006E82C7 /* FirebaseFunctionsCombine-Community in Frameworks */ = {isa = PBXBuildFile; productRef = BB54BC2B289C5315006E82C7 /* FirebaseFunctionsCombine-Community */; };
		BB54BC31289C557F006E82C7 /* UserModel.swift in Sources */ = {isa = PBXBuildFile; fileRef = BB54BC30289C557F006E82C7 /* UserModel.swift */; };
		BBCC8671289CDDF600277884 /* FirebaseResults.swift in Sources */ = {isa = PBXBuildFile; fileRef = BBCC8670289CDDF600277884 /* FirebaseResults.swift */; };
		BBCC8673289CE36800277884 /* ClientListViewModel.swift in Sources */ = {isa = PBXBuildFile; fileRef = BBCC8672289CE36800277884 /* ClientListViewModel.swift */; };
		BBCC8675289CEE2100277884 /* ClientDetailView.swift in Sources */ = {isa = PBXBuildFile; fileRef = BBCC8674289CEE2100277884 /* ClientDetailView.swift */; };
		BBCC8678289CEFFA00277884 /* ClientDetailGeneralView.swift in Sources */ = {isa = PBXBuildFile; fileRef = BBCC8677289CEFFA00277884 /* ClientDetailGeneralView.swift */; };
		BBCC867A289CFA6400277884 /* OptionalTextField.swift in Sources */ = {isa = PBXBuildFile; fileRef = BBCC8679289CFA6400277884 /* OptionalTextField.swift */; };
		BBD1787D289D03400032B08E /* ClientExchangeConnectionsView.swift in Sources */ = {isa = PBXBuildFile; fileRef = BBD1787C289D03400032B08E /* ClientExchangeConnectionsView.swift */; };
		BBD6776228A18D0C00B15A45 /* GoogleService-Info.plist in Resources */ = {isa = PBXBuildFile; fileRef = BBD6776128A18D0C00B15A45 /* GoogleService-Info.plist */; };
		BBD6776D28A1DEE500B15A45 /* UpdateClientViewModel.swift in Sources */ = {isa = PBXBuildFile; fileRef = BBD6776C28A1DEE500B15A45 /* UpdateClientViewModel.swift */; };
/* End PBXBuildFile section */

/* Begin PBXFileReference section */
		BB05FA8E289C5EC900E97036 /* SignInView.swift */ = {isa = PBXFileReference; lastKnownFileType = sourcecode.swift; path = SignInView.swift; sourceTree = "<group>"; };
		BB16DB95289C929A0080E5A3 /* ClientsListView.swift */ = {isa = PBXFileReference; lastKnownFileType = sourcecode.swift; path = ClientsListView.swift; sourceTree = "<group>"; };
		BB16DB99289C9D850080E5A3 /* NewClientView.swift */ = {isa = PBXFileReference; lastKnownFileType = sourcecode.swift; path = NewClientView.swift; sourceTree = "<group>"; };
		BB16DB9B289CA5410080E5A3 /* ClientModel.swift */ = {isa = PBXFileReference; lastKnownFileType = sourcecode.swift; path = ClientModel.swift; sourceTree = "<group>"; };
		BB16DB9D289CB2D10080E5A3 /* NewClientViewModel.swift */ = {isa = PBXFileReference; lastKnownFileType = sourcecode.swift; path = NewClientViewModel.swift; sourceTree = "<group>"; };
		BB54BBD4289C47CC006E82C7 /* MOBI Trader Admin.app */ = {isa = PBXFileReference; explicitFileType = wrapper.application; includeInIndex = 0; path = "MOBI Trader Admin.app"; sourceTree = BUILT_PRODUCTS_DIR; };
		BB54BBD7289C47CC006E82C7 /* MOBI_Trader_AdminApp.swift */ = {isa = PBXFileReference; lastKnownFileType = sourcecode.swift; path = MOBI_Trader_AdminApp.swift; sourceTree = "<group>"; };
		BB54BBD9289C47CC006E82C7 /* ContentView.swift */ = {isa = PBXFileReference; lastKnownFileType = sourcecode.swift; path = ContentView.swift; sourceTree = "<group>"; };
		BB54BBDB289C47CE006E82C7 /* Assets.xcassets */ = {isa = PBXFileReference; lastKnownFileType = folder.assetcatalog; path = Assets.xcassets; sourceTree = "<group>"; };
		BB54BBDD289C47CE006E82C7 /* MOBI_Trader_Admin.entitlements */ = {isa = PBXFileReference; lastKnownFileType = text.plist.entitlements; path = MOBI_Trader_Admin.entitlements; sourceTree = "<group>"; };
		BB54BBDF289C47CE006E82C7 /* Preview Assets.xcassets */ = {isa = PBXFileReference; lastKnownFileType = folder.assetcatalog; path = "Preview Assets.xcassets"; sourceTree = "<group>"; };
		BB54BC14289C5158006E82C7 /* AuthViewModel.swift */ = {isa = PBXFileReference; lastKnownFileType = sourcecode.swift; path = AuthViewModel.swift; sourceTree = "<group>"; };
		BB54BC30289C557F006E82C7 /* UserModel.swift */ = {isa = PBXFileReference; lastKnownFileType = sourcecode.swift; path = UserModel.swift; sourceTree = "<group>"; };
		BBCC8670289CDDF600277884 /* FirebaseResults.swift */ = {isa = PBXFileReference; lastKnownFileType = sourcecode.swift; path = FirebaseResults.swift; sourceTree = "<group>"; };
		BBCC8672289CE36800277884 /* ClientListViewModel.swift */ = {isa = PBXFileReference; lastKnownFileType = sourcecode.swift; path = ClientListViewModel.swift; sourceTree = "<group>"; };
		BBCC8674289CEE2100277884 /* ClientDetailView.swift */ = {isa = PBXFileReference; lastKnownFileType = sourcecode.swift; path = ClientDetailView.swift; sourceTree = "<group>"; };
		BBCC8677289CEFFA00277884 /* ClientDetailGeneralView.swift */ = {isa = PBXFileReference; lastKnownFileType = sourcecode.swift; path = ClientDetailGeneralView.swift; sourceTree = "<group>"; };
		BBCC8679289CFA6400277884 /* OptionalTextField.swift */ = {isa = PBXFileReference; lastKnownFileType = sourcecode.swift; path = OptionalTextField.swift; sourceTree = "<group>"; };
		BBD1787C289D03400032B08E /* ClientExchangeConnectionsView.swift */ = {isa = PBXFileReference; lastKnownFileType = sourcecode.swift; path = ClientExchangeConnectionsView.swift; sourceTree = "<group>"; };
		BBD6776128A18D0C00B15A45 /* GoogleService-Info.plist */ = {isa = PBXFileReference; fileEncoding = 4; lastKnownFileType = text.plist.xml; path = "GoogleService-Info.plist"; sourceTree = "<group>"; };
		BBD6776C28A1DEE500B15A45 /* UpdateClientViewModel.swift */ = {isa = PBXFileReference; lastKnownFileType = sourcecode.swift; path = UpdateClientViewModel.swift; sourceTree = "<group>"; };
/* End PBXFileReference section */

/* Begin PBXFrameworksBuildPhase section */
		BB54BBD1289C47CC006E82C7 /* Frameworks */ = {
			isa = PBXFrameworksBuildPhase;
			buildActionMask = 2147483647;
			files = (
				BB54BC1E289C5315006E82C7 /* FirebaseAppCheck in Frameworks */,
				BB54BC26289C5315006E82C7 /* FirebaseFirestoreCombine-Community in Frameworks */,
				BB54BC22289C5315006E82C7 /* FirebaseAuthCombine-Community in Frameworks */,
				BB54BC20289C5315006E82C7 /* FirebaseAuth in Frameworks */,
				BB54BC1A289C5315006E82C7 /* FirebaseAnalyticsSwift in Frameworks */,
				BB54BC1C289C5315006E82C7 /* FirebaseAnalyticsWithoutAdIdSupport in Frameworks */,
				BB54BC18289C5315006E82C7 /* FirebaseAnalytics in Frameworks */,
				BB54BC2A289C5315006E82C7 /* FirebaseFunctions in Frameworks */,
				BB54BC24289C5315006E82C7 /* FirebaseFirestore in Frameworks */,
				BB54BC2C289C5315006E82C7 /* FirebaseFunctionsCombine-Community in Frameworks */,
				BB54BC28289C5315006E82C7 /* FirebaseFirestoreSwift in Frameworks */,
			);
			runOnlyForDeploymentPostprocessing = 0;
		};
/* End PBXFrameworksBuildPhase section */

/* Begin PBXGroup section */
		BB16DB94289C914C0080E5A3 /* Clients */ = {
			isa = PBXGroup;
			children = (
				BBCC8676289CEE2700277884 /* Detail View */,
				BB16DB95289C929A0080E5A3 /* ClientsListView.swift */,
				BB16DB99289C9D850080E5A3 /* NewClientView.swift */,
			);
			path = Clients;
			sourceTree = "<group>";
		};
		BB54BBCB289C47CC006E82C7 = {
			isa = PBXGroup;
			children = (
				BB54BBD6289C47CC006E82C7 /* MOBI Trader Admin */,
				BB54BBD5289C47CC006E82C7 /* Products */,
			);
			sourceTree = "<group>";
		};
		BB54BBD5289C47CC006E82C7 /* Products */ = {
			isa = PBXGroup;
			children = (
				BB54BBD4289C47CC006E82C7 /* MOBI Trader Admin.app */,
			);
			name = Products;
			sourceTree = "<group>";
		};
		BB54BBD6289C47CC006E82C7 /* MOBI Trader Admin */ = {
			isa = PBXGroup;
			children = (
				BB54BC2D289C53E0006E82C7 /* Models */,
				BB54BC13289C5140006E82C7 /* View Models */,
				BB54BC12289C5136006E82C7 /* Views */,
				BB54BC11289C5124006E82C7 /* Misc */,
				BB54BBDD289C47CE006E82C7 /* MOBI_Trader_Admin.entitlements */,
				BB54BBDE289C47CE006E82C7 /* Preview Content */,
			);
			path = "MOBI Trader Admin";
			sourceTree = "<group>";
		};
		BB54BBDE289C47CE006E82C7 /* Preview Content */ = {
			isa = PBXGroup;
			children = (
				BB54BBDF289C47CE006E82C7 /* Preview Assets.xcassets */,
			);
			path = "Preview Content";
			sourceTree = "<group>";
		};
		BB54BC11289C5124006E82C7 /* Misc */ = {
			isa = PBXGroup;
			children = (
				BBD6776128A18D0C00B15A45 /* GoogleService-Info.plist */,
				BB54BBD7289C47CC006E82C7 /* MOBI_Trader_AdminApp.swift */,
				BB54BBDB289C47CE006E82C7 /* Assets.xcassets */,
				BBCC8679289CFA6400277884 /* OptionalTextField.swift */,
			);
			path = Misc;
			sourceTree = "<group>";
		};
		BB54BC12289C5136006E82C7 /* Views */ = {
			isa = PBXGroup;
			children = (
				BB16DB94289C914C0080E5A3 /* Clients */,
				BBCC866F289CDC5F00277884 /* Misc */,
			);
			path = Views;
			sourceTree = "<group>";
		};
		BB54BC13289C5140006E82C7 /* View Models */ = {
			isa = PBXGroup;
			children = (
				BB54BC14289C5158006E82C7 /* AuthViewModel.swift */,
				BB16DB9D289CB2D10080E5A3 /* NewClientViewModel.swift */,
				BBCC8672289CE36800277884 /* ClientListViewModel.swift */,
				BBD6776C28A1DEE500B15A45 /* UpdateClientViewModel.swift */,
			);
			path = "View Models";
			sourceTree = "<group>";
		};
		BB54BC2D289C53E0006E82C7 /* Models */ = {
			isa = PBXGroup;
			children = (
				BB54BC30289C557F006E82C7 /* UserModel.swift */,
				BB16DB9B289CA5410080E5A3 /* ClientModel.swift */,
				BBCC8670289CDDF600277884 /* FirebaseResults.swift */,
			);
			path = Models;
			sourceTree = "<group>";
		};
		BBCC866F289CDC5F00277884 /* Misc */ = {
			isa = PBXGroup;
			children = (
				BB54BBD9289C47CC006E82C7 /* ContentView.swift */,
				BB05FA8E289C5EC900E97036 /* SignInView.swift */,
			);
			path = Misc;
			sourceTree = "<group>";
		};
		BBCC8676289CEE2700277884 /* Detail View */ = {
			isa = PBXGroup;
			children = (
				BBD1787B289D03060032B08E /* General */,
				BBD1787A289D02EC0032B08E /* Exchanges */,
				BBCC8674289CEE2100277884 /* ClientDetailView.swift */,
			);
			path = "Detail View";
			sourceTree = "<group>";
		};
		BBD1787A289D02EC0032B08E /* Exchanges */ = {
			isa = PBXGroup;
			children = (
				BBD1787C289D03400032B08E /* ClientExchangeConnectionsView.swift */,
			);
			path = Exchanges;
			sourceTree = "<group>";
		};
		BBD1787B289D03060032B08E /* General */ = {
			isa = PBXGroup;
			children = (
				BBCC8677289CEFFA00277884 /* ClientDetailGeneralView.swift */,
			);
			path = General;
			sourceTree = "<group>";
		};
/* End PBXGroup section */

/* Begin PBXNativeTarget section */
		BB54BBD3289C47CC006E82C7 /* MOBI Trader Admin */ = {
			isa = PBXNativeTarget;
			buildConfigurationList = BB54BBE3289C47CE006E82C7 /* Build configuration list for PBXNativeTarget "MOBI Trader Admin" */;
			buildPhases = (
				BB54BBD0289C47CC006E82C7 /* Sources */,
				BB54BBD1289C47CC006E82C7 /* Frameworks */,
				BB54BBD2289C47CC006E82C7 /* Resources */,
			);
			buildRules = (
			);
			dependencies = (
			);
			name = "MOBI Trader Admin";
			packageProductDependencies = (
				BB54BC17289C5315006E82C7 /* FirebaseAnalytics */,
				BB54BC19289C5315006E82C7 /* FirebaseAnalyticsSwift */,
				BB54BC1B289C5315006E82C7 /* FirebaseAnalyticsWithoutAdIdSupport */,
				BB54BC1D289C5315006E82C7 /* FirebaseAppCheck */,
				BB54BC1F289C5315006E82C7 /* FirebaseAuth */,
				BB54BC21289C5315006E82C7 /* FirebaseAuthCombine-Community */,
				BB54BC23289C5315006E82C7 /* FirebaseFirestore */,
				BB54BC25289C5315006E82C7 /* FirebaseFirestoreCombine-Community */,
				BB54BC27289C5315006E82C7 /* FirebaseFirestoreSwift */,
				BB54BC29289C5315006E82C7 /* FirebaseFunctions */,
				BB54BC2B289C5315006E82C7 /* FirebaseFunctionsCombine-Community */,
			);
			productName = "MOBI Trader Admin";
			productReference = BB54BBD4289C47CC006E82C7 /* MOBI Trader Admin.app */;
			productType = "com.apple.product-type.application";
		};
/* End PBXNativeTarget section */

/* Begin PBXProject section */
		BB54BBCC289C47CC006E82C7 /* Project object */ = {
			isa = PBXProject;
			attributes = {
				BuildIndependentTargetsInParallel = 1;
				LastSwiftUpdateCheck = 1400;
				LastUpgradeCheck = 1400;
				TargetAttributes = {
					BB54BBD3289C47CC006E82C7 = {
						CreatedOnToolsVersion = 14.0;
					};
				};
			};
			buildConfigurationList = BB54BBCF289C47CC006E82C7 /* Build configuration list for PBXProject "MOBI Trader Admin" */;
			compatibilityVersion = "Xcode 14.0";
			developmentRegion = en;
			hasScannedForEncodings = 0;
			knownRegions = (
				en,
				Base,
			);
			mainGroup = BB54BBCB289C47CC006E82C7;
			packageReferences = (
				BB54BC16289C5314006E82C7 /* XCRemoteSwiftPackageReference "firebase-ios-sdk" */,
			);
			productRefGroup = BB54BBD5289C47CC006E82C7 /* Products */;
			projectDirPath = "";
			projectRoot = "";
			targets = (
				BB54BBD3289C47CC006E82C7 /* MOBI Trader Admin */,
			);
		};
/* End PBXProject section */

/* Begin PBXResourcesBuildPhase section */
		BB54BBD2289C47CC006E82C7 /* Resources */ = {
			isa = PBXResourcesBuildPhase;
			buildActionMask = 2147483647;
			files = (
				BB54BBE0289C47CE006E82C7 /* Preview Assets.xcassets in Resources */,
				BBD6776228A18D0C00B15A45 /* GoogleService-Info.plist in Resources */,
				BB54BBDC289C47CE006E82C7 /* Assets.xcassets in Resources */,
			);
			runOnlyForDeploymentPostprocessing = 0;
		};
/* End PBXResourcesBuildPhase section */

/* Begin PBXSourcesBuildPhase section */
		BB54BBD0289C47CC006E82C7 /* Sources */ = {
			isa = PBXSourcesBuildPhase;
			buildActionMask = 2147483647;
			files = (
				BBCC8678289CEFFA00277884 /* ClientDetailGeneralView.swift in Sources */,
				BB54BBDA289C47CC006E82C7 /* ContentView.swift in Sources */,
				BB16DB9A289C9D850080E5A3 /* NewClientView.swift in Sources */,
				BBD1787D289D03400032B08E /* ClientExchangeConnectionsView.swift in Sources */,
				BBD6776D28A1DEE500B15A45 /* UpdateClientViewModel.swift in Sources */,
				BB16DB96289C929A0080E5A3 /* ClientsListView.swift in Sources */,
				BBCC8671289CDDF600277884 /* FirebaseResults.swift in Sources */,
				BB16DB9E289CB2D10080E5A3 /* NewClientViewModel.swift in Sources */,
				BBCC8673289CE36800277884 /* ClientListViewModel.swift in Sources */,
				BBCC867A289CFA6400277884 /* OptionalTextField.swift in Sources */,
				BB54BBD8289C47CC006E82C7 /* MOBI_Trader_AdminApp.swift in Sources */,
				BB16DB9C289CA5410080E5A3 /* ClientModel.swift in Sources */,
				BB54BC31289C557F006E82C7 /* UserModel.swift in Sources */,
				BB54BC15289C5158006E82C7 /* AuthViewModel.swift in Sources */,
				BBCC8675289CEE2100277884 /* ClientDetailView.swift in Sources */,
				BB05FA8F289C5EC900E97036 /* SignInView.swift in Sources */,
			);
			runOnlyForDeploymentPostprocessing = 0;
		};
/* End PBXSourcesBuildPhase section */

/* Begin XCBuildConfiguration section */
		BB54BBE1289C47CE006E82C7 /* Debug */ = {
			isa = XCBuildConfiguration;
			buildSettings = {
				ALWAYS_SEARCH_USER_PATHS = NO;
				CLANG_ANALYZER_NONNULL = YES;
				CLANG_ANALYZER_NUMBER_OBJECT_CONVERSION = YES_AGGRESSIVE;
				CLANG_CXX_LANGUAGE_STANDARD = "gnu++20";
				CLANG_ENABLE_MODULES = YES;
				CLANG_ENABLE_OBJC_ARC = YES;
				CLANG_ENABLE_OBJC_WEAK = YES;
				CLANG_WARN_BLOCK_CAPTURE_AUTORELEASING = YES;
				CLANG_WARN_BOOL_CONVERSION = YES;
				CLANG_WARN_COMMA = YES;
				CLANG_WARN_CONSTANT_CONVERSION = YES;
				CLANG_WARN_DEPRECATED_OBJC_IMPLEMENTATIONS = YES;
				CLANG_WARN_DIRECT_OBJC_ISA_USAGE = YES_ERROR;
				CLANG_WARN_DOCUMENTATION_COMMENTS = YES;
				CLANG_WARN_EMPTY_BODY = YES;
				CLANG_WARN_ENUM_CONVERSION = YES;
				CLANG_WARN_INFINITE_RECURSION = YES;
				CLANG_WARN_INT_CONVERSION = YES;
				CLANG_WARN_NON_LITERAL_NULL_CONVERSION = YES;
				CLANG_WARN_OBJC_IMPLICIT_RETAIN_SELF = YES;
				CLANG_WARN_OBJC_LITERAL_CONVERSION = YES;
				CLANG_WARN_OBJC_ROOT_CLASS = YES_ERROR;
				CLANG_WARN_QUOTED_INCLUDE_IN_FRAMEWORK_HEADER = YES;
				CLANG_WARN_RANGE_LOOP_ANALYSIS = YES;
				CLANG_WARN_STRICT_PROTOTYPES = YES;
				CLANG_WARN_SUSPICIOUS_MOVE = YES;
				CLANG_WARN_UNGUARDED_AVAILABILITY = YES_AGGRESSIVE;
				CLANG_WARN_UNREACHABLE_CODE = YES;
				CLANG_WARN__DUPLICATE_METHOD_MATCH = YES;
				COPY_PHASE_STRIP = NO;
				DEBUG_INFORMATION_FORMAT = dwarf;
				ENABLE_STRICT_OBJC_MSGSEND = YES;
				ENABLE_TESTABILITY = YES;
				GCC_C_LANGUAGE_STANDARD = gnu11;
				GCC_DYNAMIC_NO_PIC = NO;
				GCC_NO_COMMON_BLOCKS = YES;
				GCC_OPTIMIZATION_LEVEL = 0;
				GCC_PREPROCESSOR_DEFINITIONS = (
					"DEBUG=1",
					"$(inherited)",
				);
				GCC_WARN_64_TO_32_BIT_CONVERSION = YES;
				GCC_WARN_ABOUT_RETURN_TYPE = YES_ERROR;
				GCC_WARN_UNDECLARED_SELECTOR = YES;
				GCC_WARN_UNINITIALIZED_AUTOS = YES_AGGRESSIVE;
				GCC_WARN_UNUSED_FUNCTION = YES;
				GCC_WARN_UNUSED_VARIABLE = YES;
				IPHONEOS_DEPLOYMENT_TARGET = 15.5;
				MACOSX_DEPLOYMENT_TARGET = 12.0;
				MTL_ENABLE_DEBUG_INFO = INCLUDE_SOURCE;
				MTL_FAST_MATH = YES;
				ONLY_ACTIVE_ARCH = YES;
				SWIFT_ACTIVE_COMPILATION_CONDITIONS = DEBUG;
				SWIFT_OPTIMIZATION_LEVEL = "-Onone";
			};
			name = Debug;
		};
		BB54BBE2289C47CE006E82C7 /* Release */ = {
			isa = XCBuildConfiguration;
			buildSettings = {
				ALWAYS_SEARCH_USER_PATHS = NO;
				CLANG_ANALYZER_NONNULL = YES;
				CLANG_ANALYZER_NUMBER_OBJECT_CONVERSION = YES_AGGRESSIVE;
				CLANG_CXX_LANGUAGE_STANDARD = "gnu++20";
				CLANG_ENABLE_MODULES = YES;
				CLANG_ENABLE_OBJC_ARC = YES;
				CLANG_ENABLE_OBJC_WEAK = YES;
				CLANG_WARN_BLOCK_CAPTURE_AUTORELEASING = YES;
				CLANG_WARN_BOOL_CONVERSION = YES;
				CLANG_WARN_COMMA = YES;
				CLANG_WARN_CONSTANT_CONVERSION = YES;
				CLANG_WARN_DEPRECATED_OBJC_IMPLEMENTATIONS = YES;
				CLANG_WARN_DIRECT_OBJC_ISA_USAGE = YES_ERROR;
				CLANG_WARN_DOCUMENTATION_COMMENTS = YES;
				CLANG_WARN_EMPTY_BODY = YES;
				CLANG_WARN_ENUM_CONVERSION = YES;
				CLANG_WARN_INFINITE_RECURSION = YES;
				CLANG_WARN_INT_CONVERSION = YES;
				CLANG_WARN_NON_LITERAL_NULL_CONVERSION = YES;
				CLANG_WARN_OBJC_IMPLICIT_RETAIN_SELF = YES;
				CLANG_WARN_OBJC_LITERAL_CONVERSION = YES;
				CLANG_WARN_OBJC_ROOT_CLASS = YES_ERROR;
				CLANG_WARN_QUOTED_INCLUDE_IN_FRAMEWORK_HEADER = YES;
				CLANG_WARN_RANGE_LOOP_ANALYSIS = YES;
				CLANG_WARN_STRICT_PROTOTYPES = YES;
				CLANG_WARN_SUSPICIOUS_MOVE = YES;
				CLANG_WARN_UNGUARDED_AVAILABILITY = YES_AGGRESSIVE;
				CLANG_WARN_UNREACHABLE_CODE = YES;
				CLANG_WARN__DUPLICATE_METHOD_MATCH = YES;
				COPY_PHASE_STRIP = NO;
				DEBUG_INFORMATION_FORMAT = "dwarf-with-dsym";
				ENABLE_NS_ASSERTIONS = NO;
				ENABLE_STRICT_OBJC_MSGSEND = YES;
				GCC_C_LANGUAGE_STANDARD = gnu11;
				GCC_NO_COMMON_BLOCKS = YES;
				GCC_WARN_64_TO_32_BIT_CONVERSION = YES;
				GCC_WARN_ABOUT_RETURN_TYPE = YES_ERROR;
				GCC_WARN_UNDECLARED_SELECTOR = YES;
				GCC_WARN_UNINITIALIZED_AUTOS = YES_AGGRESSIVE;
				GCC_WARN_UNUSED_FUNCTION = YES;
				GCC_WARN_UNUSED_VARIABLE = YES;
				IPHONEOS_DEPLOYMENT_TARGET = 15.5;
				MACOSX_DEPLOYMENT_TARGET = 12.0;
				MTL_ENABLE_DEBUG_INFO = NO;
				MTL_FAST_MATH = YES;
				SWIFT_COMPILATION_MODE = wholemodule;
				SWIFT_OPTIMIZATION_LEVEL = "-O";
			};
			name = Release;
		};
		BB54BBE4289C47CE006E82C7 /* Debug */ = {
			isa = XCBuildConfiguration;
			buildSettings = {
				ASSETCATALOG_COMPILER_APPICON_NAME = AppIcon;
				ASSETCATALOG_COMPILER_GLOBAL_ACCENT_COLOR_NAME = AccentColor;
				ASSETCATALOG_COMPILER_INCLUDE_ALL_APPICON_ASSETS = YES;
				CODE_SIGN_ENTITLEMENTS = "MOBI Trader Admin/MOBI_Trader_Admin.entitlements";
				CODE_SIGN_STYLE = Automatic;
				CURRENT_PROJECT_VERSION = 1;
				DEVELOPMENT_ASSET_PATHS = "\"MOBI Trader Admin/Preview Content\"";
				DEVELOPMENT_TEAM = Q67CC4F7S9;
				ENABLE_HARDENED_RUNTIME = YES;
				ENABLE_PREVIEWS = YES;
				GENERATE_INFOPLIST_FILE = YES;
				INFOPLIST_FILE = "MOBI-Trader-Admin-Info.plist";
				INFOPLIST_KEY_CFBundleDisplayName = "MOBI Trader - Admin";
				INFOPLIST_KEY_LSApplicationCategoryType = "public.app-category.finance";
				"INFOPLIST_KEY_UIApplicationSceneManifest_Generation[sdk=iphoneos*]" = YES;
				"INFOPLIST_KEY_UIApplicationSceneManifest_Generation[sdk=iphonesimulator*]" = YES;
				"INFOPLIST_KEY_UIApplicationSupportsIndirectInputEvents[sdk=iphoneos*]" = YES;
				"INFOPLIST_KEY_UIApplicationSupportsIndirectInputEvents[sdk=iphonesimulator*]" = YES;
				"INFOPLIST_KEY_UILaunchScreen_Generation[sdk=iphoneos*]" = YES;
				"INFOPLIST_KEY_UILaunchScreen_Generation[sdk=iphonesimulator*]" = YES;
				"INFOPLIST_KEY_UIStatusBarStyle[sdk=iphoneos*]" = UIStatusBarStyleDefault;
				"INFOPLIST_KEY_UIStatusBarStyle[sdk=iphonesimulator*]" = UIStatusBarStyleDefault;
				INFOPLIST_KEY_UISupportedInterfaceOrientations_iPad = "UIInterfaceOrientationPortrait UIInterfaceOrientationPortraitUpsideDown UIInterfaceOrientationLandscapeLeft UIInterfaceOrientationLandscapeRight";
				INFOPLIST_KEY_UISupportedInterfaceOrientations_iPhone = "UIInterfaceOrientationPortrait UIInterfaceOrientationLandscapeLeft UIInterfaceOrientationLandscapeRight";
				IPHONEOS_DEPLOYMENT_TARGET = 15.5;
				LD_RUNPATH_SEARCH_PATHS = "@executable_path/Frameworks";
				"LD_RUNPATH_SEARCH_PATHS[sdk=macosx*]" = "@executable_path/../Frameworks";
				MACOSX_DEPLOYMENT_TARGET = 12.0;
				MARKETING_VERSION = 1.0;
				PRODUCT_BUNDLE_IDENTIFIER = "io.eurekadao.MOBI-Trader-Admin";
				PRODUCT_NAME = "$(TARGET_NAME)";
				SDKROOT = auto;
				SUPPORTED_PLATFORMS = "iphoneos iphonesimulator macosx";
				SUPPORTS_MACCATALYST = NO;
				SUPPORTS_MAC_DESIGNED_FOR_IPHONE_IPAD = NO;
				SWIFT_EMIT_LOC_STRINGS = YES;
				SWIFT_VERSION = 5.0;
				TARGETED_DEVICE_FAMILY = 2;
			};
			name = Debug;
		};
		BB54BBE5289C47CE006E82C7 /* Release */ = {
			isa = XCBuildConfiguration;
			buildSettings = {
				ASSETCATALOG_COMPILER_APPICON_NAME = AppIcon;
				ASSETCATALOG_COMPILER_GLOBAL_ACCENT_COLOR_NAME = AccentColor;
				ASSETCATALOG_COMPILER_INCLUDE_ALL_APPICON_ASSETS = YES;
				CODE_SIGN_ENTITLEMENTS = "MOBI Trader Admin/MOBI_Trader_Admin.entitlements";
				CODE_SIGN_STYLE = Automatic;
				CURRENT_PROJECT_VERSION = 1;
				DEVELOPMENT_ASSET_PATHS = "\"MOBI Trader Admin/Preview Content\"";
				DEVELOPMENT_TEAM = Q67CC4F7S9;
				ENABLE_HARDENED_RUNTIME = YES;
				ENABLE_PREVIEWS = YES;
				GENERATE_INFOPLIST_FILE = YES;
				INFOPLIST_FILE = "MOBI-Trader-Admin-Info.plist";
				INFOPLIST_KEY_CFBundleDisplayName = "MOBI Trader - Admin";
				INFOPLIST_KEY_LSApplicationCategoryType = "public.app-category.finance";
				"INFOPLIST_KEY_UIApplicationSceneManifest_Generation[sdk=iphoneos*]" = YES;
				"INFOPLIST_KEY_UIApplicationSceneManifest_Generation[sdk=iphonesimulator*]" = YES;
				"INFOPLIST_KEY_UIApplicationSupportsIndirectInputEvents[sdk=iphoneos*]" = YES;
				"INFOPLIST_KEY_UIApplicationSupportsIndirectInputEvents[sdk=iphonesimulator*]" = YES;
				"INFOPLIST_KEY_UILaunchScreen_Generation[sdk=iphoneos*]" = YES;
				"INFOPLIST_KEY_UILaunchScreen_Generation[sdk=iphonesimulator*]" = YES;
				"INFOPLIST_KEY_UIStatusBarStyle[sdk=iphoneos*]" = UIStatusBarStyleDefault;
				"INFOPLIST_KEY_UIStatusBarStyle[sdk=iphonesimulator*]" = UIStatusBarStyleDefault;
				INFOPLIST_KEY_UISupportedInterfaceOrientations_iPad = "UIInterfaceOrientationPortrait UIInterfaceOrientationPortraitUpsideDown UIInterfaceOrientationLandscapeLeft UIInterfaceOrientationLandscapeRight";
				INFOPLIST_KEY_UISupportedInterfaceOrientations_iPhone = "UIInterfaceOrientationPortrait UIInterfaceOrientationLandscapeLeft UIInterfaceOrientationLandscapeRight";
				IPHONEOS_DEPLOYMENT_TARGET = 15.5;
				LD_RUNPATH_SEARCH_PATHS = "@executable_path/Frameworks";
				"LD_RUNPATH_SEARCH_PATHS[sdk=macosx*]" = "@executable_path/../Frameworks";
				MACOSX_DEPLOYMENT_TARGET = 12.0;
				MARKETING_VERSION = 1.0;
				PRODUCT_BUNDLE_IDENTIFIER = "io.eurekadao.MOBI-Trader-Admin";
				PRODUCT_NAME = "$(TARGET_NAME)";
				SDKROOT = auto;
				SUPPORTED_PLATFORMS = "iphoneos iphonesimulator macosx";
				SUPPORTS_MACCATALYST = NO;
				SUPPORTS_MAC_DESIGNED_FOR_IPHONE_IPAD = NO;
				SWIFT_EMIT_LOC_STRINGS = YES;
				SWIFT_VERSION = 5.0;
				TARGETED_DEVICE_FAMILY = 2;
			};
			name = Release;
		};
/* End XCBuildConfiguration section */

/* Begin XCConfigurationList section */
		BB54BBCF289C47CC006E82C7 /* Build configuration list for PBXProject "MOBI Trader Admin" */ = {
			isa = XCConfigurationList;
			buildConfigurations = (
				BB54BBE1289C47CE006E82C7 /* Debug */,
				BB54BBE2289C47CE006E82C7 /* Release */,
			);
			defaultConfigurationIsVisible = 0;
			defaultConfigurationName = Release;
		};
		BB54BBE3289C47CE006E82C7 /* Build configuration list for PBXNativeTarget "MOBI Trader Admin" */ = {
			isa = XCConfigurationList;
			buildConfigurations = (
				BB54BBE4289C47CE006E82C7 /* Debug */,
				BB54BBE5289C47CE006E82C7 /* Release */,
			);
			defaultConfigurationIsVisible = 0;
			defaultConfigurationName = Release;
		};
/* End XCConfigurationList section */

/* Begin XCRemoteSwiftPackageReference section */
		BB54BC16289C5314006E82C7 /* XCRemoteSwiftPackageReference "firebase-ios-sdk" */ = {
			isa = XCRemoteSwiftPackageReference;
			repositoryURL = "https://github.com/firebase/firebase-ios-sdk";
			requirement = {
				kind = upToNextMajorVersion;
				minimumVersion = 9.0.0;
			};
		};
/* End XCRemoteSwiftPackageReference section */

/* Begin XCSwiftPackageProductDependency section */
		BB54BC17289C5315006E82C7 /* FirebaseAnalytics */ = {
			isa = XCSwiftPackageProductDependency;
			package = BB54BC16289C5314006E82C7 /* XCRemoteSwiftPackageReference "firebase-ios-sdk" */;
			productName = FirebaseAnalytics;
		};
		BB54BC19289C5315006E82C7 /* FirebaseAnalyticsSwift */ = {
			isa = XCSwiftPackageProductDependency;
			package = BB54BC16289C5314006E82C7 /* XCRemoteSwiftPackageReference "firebase-ios-sdk" */;
			productName = FirebaseAnalyticsSwift;
		};
		BB54BC1B289C5315006E82C7 /* FirebaseAnalyticsWithoutAdIdSupport */ = {
			isa = XCSwiftPackageProductDependency;
			package = BB54BC16289C5314006E82C7 /* XCRemoteSwiftPackageReference "firebase-ios-sdk" */;
			productName = FirebaseAnalyticsWithoutAdIdSupport;
		};
		BB54BC1D289C5315006E82C7 /* FirebaseAppCheck */ = {
			isa = XCSwiftPackageProductDependency;
			package = BB54BC16289C5314006E82C7 /* XCRemoteSwiftPackageReference "firebase-ios-sdk" */;
			productName = FirebaseAppCheck;
		};
		BB54BC1F289C5315006E82C7 /* FirebaseAuth */ = {
			isa = XCSwiftPackageProductDependency;
			package = BB54BC16289C5314006E82C7 /* XCRemoteSwiftPackageReference "firebase-ios-sdk" */;
			productName = FirebaseAuth;
		};
		BB54BC21289C5315006E82C7 /* FirebaseAuthCombine-Community */ = {
			isa = XCSwiftPackageProductDependency;
			package = BB54BC16289C5314006E82C7 /* XCRemoteSwiftPackageReference "firebase-ios-sdk" */;
			productName = "FirebaseAuthCombine-Community";
		};
		BB54BC23289C5315006E82C7 /* FirebaseFirestore */ = {
			isa = XCSwiftPackageProductDependency;
			package = BB54BC16289C5314006E82C7 /* XCRemoteSwiftPackageReference "firebase-ios-sdk" */;
			productName = FirebaseFirestore;
		};
		BB54BC25289C5315006E82C7 /* FirebaseFirestoreCombine-Community */ = {
			isa = XCSwiftPackageProductDependency;
			package = BB54BC16289C5314006E82C7 /* XCRemoteSwiftPackageReference "firebase-ios-sdk" */;
			productName = "FirebaseFirestoreCombine-Community";
		};
		BB54BC27289C5315006E82C7 /* FirebaseFirestoreSwift */ = {
			isa = XCSwiftPackageProductDependency;
			package = BB54BC16289C5314006E82C7 /* XCRemoteSwiftPackageReference "firebase-ios-sdk" */;
			productName = FirebaseFirestoreSwift;
		};
		BB54BC29289C5315006E82C7 /* FirebaseFunctions */ = {
			isa = XCSwiftPackageProductDependency;
			package = BB54BC16289C5314006E82C7 /* XCRemoteSwiftPackageReference "firebase-ios-sdk" */;
			productName = FirebaseFunctions;
		};
		BB54BC2B289C5315006E82C7 /* FirebaseFunctionsCombine-Community */ = {
			isa = XCSwiftPackageProductDependency;
			package = BB54BC16289C5314006E82C7 /* XCRemoteSwiftPackageReference "firebase-ios-sdk" */;
			productName = "FirebaseFunctionsCombine-Community";
		};
/* End XCSwiftPackageProductDependency section */
	};
	rootObject = BB54BBCC289C47CC006E82C7 /* Project object */;
}
